// !$*UTF8*$!
{
	archiveVersion = 1;
	classes = {
	};
	objectVersion = 45;
	objects = {

/* Begin PBXBuildFile section */
		1D3623260D0F684500981E51 /* JK_Beer_Proto_1AppDelegate.m in Sources */ = {isa = PBXBuildFile; fileRef = 1D3623250D0F684500981E51 /* JK_Beer_Proto_1AppDelegate.m */; };
		1D60589B0D05DD56006BFB54 /* main.m in Sources */ = {isa = PBXBuildFile; fileRef = 29B97316FDCFA39411CA2CEA /* main.m */; };
		1D60589F0D05DD5A006BFB54 /* Foundation.framework in Frameworks */ = {isa = PBXBuildFile; fileRef = 1D30AB110D05D00D00671497 /* Foundation.framework */; };
		1DF5F4E00D08C38300B7A737 /* UIKit.framework in Frameworks */ = {isa = PBXBuildFile; fileRef = 1DF5F4DF0D08C38300B7A737 /* UIKit.framework */; };
		2892E4100DC94CBA00A64D0F /* CoreGraphics.framework in Frameworks */ = {isa = PBXBuildFile; fileRef = 2892E40F0DC94CBA00A64D0F /* CoreGraphics.framework */; };
		2899E5600DE3E45000AC0155 /* RootViewController.xib in Resources */ = {isa = PBXBuildFile; fileRef = 2899E55F0DE3E45000AC0155 /* RootViewController.xib */; };
		28AD73600D9D9599002E5188 /* MainWindow.xib in Resources */ = {isa = PBXBuildFile; fileRef = 28AD735F0D9D9599002E5188 /* MainWindow.xib */; };
		28C286E10D94DF7D0034E888 /* RootViewController.m in Sources */ = {isa = PBXBuildFile; fileRef = 28C286E00D94DF7D0034E888 /* RootViewController.m */; };
		C411A0FE0FA554D400A357AA /* ExpandingCircle.m in Sources */ = {isa = PBXBuildFile; fileRef = C411A0FD0FA554D400A357AA /* ExpandingCircle.m */; };
		C4148B130F7FFC7400838088 /* ListController.m in Sources */ = {isa = PBXBuildFile; fileRef = C4148B120F7FFC7400838088 /* ListController.m */; };
		C4148B150F7FFCFF00838088 /* ListController.xib in Resources */ = {isa = PBXBuildFile; fileRef = C4148B140F7FFCFF00838088 /* ListController.xib */; };
		C4148B2D0F80000400838088 /* MapController.m in Sources */ = {isa = PBXBuildFile; fileRef = C4148B2C0F80000400838088 /* MapController.m */; };
		C4148B2F0F80006A00838088 /* MapController.xib in Resources */ = {isa = PBXBuildFile; fileRef = C4148B2E0F80006A00838088 /* MapController.xib */; };
		C4148B530F80081A00838088 /* BeerController.m in Sources */ = {isa = PBXBuildFile; fileRef = C4148B520F80081A00838088 /* BeerController.m */; };
		C4148B790F8009C200838088 /* BeerController.xib in Resources */ = {isa = PBXBuildFile; fileRef = C4148B780F8009C200838088 /* BeerController.xib */; };
		C4148C3E0F85858700838088 /* MapView.m in Sources */ = {isa = PBXBuildFile; fileRef = C4148C3D0F85858700838088 /* MapView.m */; };
		C4148C9E0F88012D00838088 /* LocatableObjectView.m in Sources */ = {isa = PBXBuildFile; fileRef = C4148C9D0F88012D00838088 /* LocatableObjectView.m */; };
		C4148D0C0F880A7800838088 /* FestivalDatabase.m in Sources */ = {isa = PBXBuildFile; fileRef = C4148D0B0F880A7800838088 /* FestivalDatabase.m */; };
		C4148D0F0F880BBB00838088 /* LocatableModelObject.m in Sources */ = {isa = PBXBuildFile; fileRef = C4148D0E0F880BBB00838088 /* LocatableModelObject.m */; };
		C4148D120F880C0200838088 /* Shape.m in Sources */ = {isa = PBXBuildFile; fileRef = C4148D110F880C0200838088 /* Shape.m */; };
		C4148DAB0F881A1200838088 /* beer28.jpeg in Resources */ = {isa = PBXBuildFile; fileRef = C4148D950F881A1200838088 /* beer28.jpeg */; };
		C4148DAC0F881A1200838088 /* coffee.gif in Resources */ = {isa = PBXBuildFile; fileRef = C4148D960F881A1200838088 /* coffee.gif */; };
		C4148DAD0F881A1200838088 /* drinkingfountain.gif in Resources */ = {isa = PBXBuildFile; fileRef = C4148D970F881A1200838088 /* drinkingfountain.gif */; };
		C4148DAE0F881A1200838088 /* exit.gif in Resources */ = {isa = PBXBuildFile; fileRef = C4148D980F881A1200838088 /* exit.gif */; };
		C4148DAF0F881A1200838088 /* firstaid.gif in Resources */ = {isa = PBXBuildFile; fileRef = C4148D990F881A1200838088 /* firstaid.gif */; };
		C4148DB00F881A1200838088 /* food.gif in Resources */ = {isa = PBXBuildFile; fileRef = C4148D9A0F881A1200838088 /* food.gif */; };
		C4148DB10F881A1200838088 /* gifts.gif in Resources */ = {isa = PBXBuildFile; fileRef = C4148D9B0F881A1200838088 /* gifts.gif */; };
		C4148DB20F881A1200838088 /* hops.png in Resources */ = {isa = PBXBuildFile; fileRef = C4148D9C0F881A1200838088 /* hops.png */; };
		C4148DB30F881A1200838088 /* info.gif in Resources */ = {isa = PBXBuildFile; fileRef = C4148D9D0F881A1200838088 /* info.gif */; };
		C4148DB40F881A1200838088 /* lostandfound.gif in Resources */ = {isa = PBXBuildFile; fileRef = C4148D9E0F881A1200838088 /* lostandfound.gif */; };
		C4148DB50F881A1200838088 /* mail.gif in Resources */ = {isa = PBXBuildFile; fileRef = C4148D9F0F881A1200838088 /* mail.gif */; };
		C4148DB60F881A1200838088 /* map.png in Resources */ = {isa = PBXBuildFile; fileRef = C4148DA00F881A1200838088 /* map.png */; };
		C4148DB70F881A1200838088 /* mensrr.gif in Resources */ = {isa = PBXBuildFile; fileRef = C4148DA10F881A1200838088 /* mensrr.gif */; };
		C4148DB80F881A1200838088 /* parking.gif in Resources */ = {isa = PBXBuildFile; fileRef = C4148DA20F881A1200838088 /* parking.gif */; };
		C4148DB90F881A1200838088 /* rail.gif in Resources */ = {isa = PBXBuildFile; fileRef = C4148DA30F881A1200838088 /* rail.gif */; };
		C4148DBA0F881A1200838088 /* restrooms.gif in Resources */ = {isa = PBXBuildFile; fileRef = C4148DA40F881A1200838088 /* restrooms.gif */; };
		C4148DBB0F881A1200838088 /* smoking.gif in Resources */ = {isa = PBXBuildFile; fileRef = C4148DA50F881A1200838088 /* smoking.gif */; };
		C4148DBC0F881A1200838088 /* telephone.gif in Resources */ = {isa = PBXBuildFile; fileRef = C4148DA60F881A1200838088 /* telephone.gif */; };
		C4148DBD0F881A1200838088 /* tokens.gif in Resources */ = {isa = PBXBuildFile; fileRef = C4148DA70F881A1200838088 /* tokens.gif */; };
		C4148DBE0F881A1200838088 /* transit.gif in Resources */ = {isa = PBXBuildFile; fileRef = C4148DA80F881A1200838088 /* transit.gif */; };
		C4148DBF0F881A1200838088 /* trash.gif in Resources */ = {isa = PBXBuildFile; fileRef = C4148DA90F881A1200838088 /* trash.gif */; };
		C4148DC00F881A1200838088 /* womensrr.gif in Resources */ = {isa = PBXBuildFile; fileRef = C4148DAA0F881A1200838088 /* womensrr.gif */; };
		C4148EBF0F88249600838088 /* MapLabelView.m in Sources */ = {isa = PBXBuildFile; fileRef = C4148EBE0F88249600838088 /* MapLabelView.m */; };
		C4148EC10F8824DF00838088 /* MapLabelView.xib in Resources */ = {isa = PBXBuildFile; fileRef = C4148EC00F8824DF00838088 /* MapLabelView.xib */; };
		C414901F0F8868AD00838088 /* UIColor+Components.m in Sources */ = {isa = PBXBuildFile; fileRef = C414901E0F8868AD00838088 /* UIColor+Components.m */; };
		C474B26E0FA396550086B49D /* QuartzCore.framework in Frameworks */ = {isa = PBXBuildFile; fileRef = C474B26D0FA396550086B49D /* QuartzCore.framework */; };
		C474B2FE0FA41C050086B49D /* ngiutm.c in Sources */ = {isa = PBXBuildFile; fileRef = C474B2F60FA41C050086B49D /* ngiutm.c */; };
		C474B2FF0FA41C050086B49D /* tranmerc.c in Sources */ = {isa = PBXBuildFile; fileRef = C474B2F90FA41C050086B49D /* tranmerc.c */; };
		C474B3000FA41C050086B49D /* utm.c in Sources */ = {isa = PBXBuildFile; fileRef = C474B2FC0FA41C050086B49D /* utm.c */; };
		C4C024EB0F925CE9007E5B3B /* MapControllerAdditions.m in Sources */ = {isa = PBXBuildFile; fileRef = C4C024EA0F925CE9007E5B3B /* MapControllerAdditions.m */; };
/* End PBXBuildFile section */

/* Begin PBXFileReference section */
		1D30AB110D05D00D00671497 /* Foundation.framework */ = {isa = PBXFileReference; lastKnownFileType = wrapper.framework; name = Foundation.framework; path = System/Library/Frameworks/Foundation.framework; sourceTree = SDKROOT; };
		1D3623240D0F684500981E51 /* JK_Beer_Proto_1AppDelegate.h */ = {isa = PBXFileReference; fileEncoding = 4; lastKnownFileType = sourcecode.c.h; path = JK_Beer_Proto_1AppDelegate.h; sourceTree = "<group>"; };
		1D3623250D0F684500981E51 /* JK_Beer_Proto_1AppDelegate.m */ = {isa = PBXFileReference; fileEncoding = 4; lastKnownFileType = sourcecode.c.objc; path = JK_Beer_Proto_1AppDelegate.m; sourceTree = "<group>"; };
		1D6058910D05DD3D006BFB54 /* JK-Beer-Proto-1.app */ = {isa = PBXFileReference; explicitFileType = wrapper.application; includeInIndex = 0; path = "JK-Beer-Proto-1.app"; sourceTree = BUILT_PRODUCTS_DIR; };
		1DF5F4DF0D08C38300B7A737 /* UIKit.framework */ = {isa = PBXFileReference; lastKnownFileType = wrapper.framework; name = UIKit.framework; path = System/Library/Frameworks/UIKit.framework; sourceTree = SDKROOT; };
		2892E40F0DC94CBA00A64D0F /* CoreGraphics.framework */ = {isa = PBXFileReference; lastKnownFileType = wrapper.framework; name = CoreGraphics.framework; path = System/Library/Frameworks/CoreGraphics.framework; sourceTree = SDKROOT; };
		2899E55F0DE3E45000AC0155 /* RootViewController.xib */ = {isa = PBXFileReference; lastKnownFileType = file.xib; path = RootViewController.xib; sourceTree = "<group>"; };
		28A0AAE50D9B0CCF005BE974 /* JK_Beer_Proto_1_Prefix.pch */ = {isa = PBXFileReference; fileEncoding = 4; lastKnownFileType = sourcecode.c.h; path = JK_Beer_Proto_1_Prefix.pch; sourceTree = "<group>"; };
		28AD735F0D9D9599002E5188 /* MainWindow.xib */ = {isa = PBXFileReference; lastKnownFileType = file.xib; path = MainWindow.xib; sourceTree = "<group>"; };
		28C286DF0D94DF7D0034E888 /* RootViewController.h */ = {isa = PBXFileReference; fileEncoding = 4; lastKnownFileType = sourcecode.c.h; path = RootViewController.h; sourceTree = "<group>"; };
		28C286E00D94DF7D0034E888 /* RootViewController.m */ = {isa = PBXFileReference; fileEncoding = 4; lastKnownFileType = sourcecode.c.objc; path = RootViewController.m; sourceTree = "<group>"; };
		29B97316FDCFA39411CA2CEA /* main.m */ = {isa = PBXFileReference; fileEncoding = 4; lastKnownFileType = sourcecode.c.objc; path = main.m; sourceTree = "<group>"; };
		8D1107310486CEB800E47090 /* Info.plist */ = {isa = PBXFileReference; fileEncoding = 4; lastKnownFileType = text.plist.xml; path = Info.plist; sourceTree = "<group>"; };
		C411A0FC0FA554D400A357AA /* ExpandingCircle.h */ = {isa = PBXFileReference; fileEncoding = 4; lastKnownFileType = sourcecode.c.h; path = ExpandingCircle.h; sourceTree = "<group>"; };
		C411A0FD0FA554D400A357AA /* ExpandingCircle.m */ = {isa = PBXFileReference; fileEncoding = 4; lastKnownFileType = sourcecode.c.objc; path = ExpandingCircle.m; sourceTree = "<group>"; };
		C4148B110F7FFC7400838088 /* ListController.h */ = {isa = PBXFileReference; fileEncoding = 4; lastKnownFileType = sourcecode.c.h; path = ListController.h; sourceTree = "<group>"; };
		C4148B120F7FFC7400838088 /* ListController.m */ = {isa = PBXFileReference; fileEncoding = 4; lastKnownFileType = sourcecode.c.objc; path = ListController.m; sourceTree = "<group>"; };
		C4148B140F7FFCFF00838088 /* ListController.xib */ = {isa = PBXFileReference; lastKnownFileType = file.xib; path = ListController.xib; sourceTree = "<group>"; };
		C4148B2B0F80000400838088 /* MapController.h */ = {isa = PBXFileReference; fileEncoding = 4; lastKnownFileType = sourcecode.c.h; path = MapController.h; sourceTree = "<group>"; };
		C4148B2C0F80000400838088 /* MapController.m */ = {isa = PBXFileReference; fileEncoding = 4; lastKnownFileType = sourcecode.c.objc; path = MapController.m; sourceTree = "<group>"; };
		C4148B2E0F80006A00838088 /* MapController.xib */ = {isa = PBXFileReference; lastKnownFileType = file.xib; path = MapController.xib; sourceTree = "<group>"; };
		C4148B510F80081A00838088 /* BeerController.h */ = {isa = PBXFileReference; fileEncoding = 4; lastKnownFileType = sourcecode.c.h; path = BeerController.h; sourceTree = "<group>"; };
		C4148B520F80081A00838088 /* BeerController.m */ = {isa = PBXFileReference; fileEncoding = 4; lastKnownFileType = sourcecode.c.objc; path = BeerController.m; sourceTree = "<group>"; };
		C4148B780F8009C200838088 /* BeerController.xib */ = {isa = PBXFileReference; lastKnownFileType = file.xib; path = BeerController.xib; sourceTree = "<group>"; };
		C4148C3C0F85858700838088 /* MapView.h */ = {isa = PBXFileReference; fileEncoding = 4; lastKnownFileType = sourcecode.c.h; path = MapView.h; sourceTree = "<group>"; };
		C4148C3D0F85858700838088 /* MapView.m */ = {isa = PBXFileReference; fileEncoding = 4; lastKnownFileType = sourcecode.c.objc; path = MapView.m; sourceTree = "<group>"; };
		C4148C9C0F88012D00838088 /* LocatableObjectView.h */ = {isa = PBXFileReference; fileEncoding = 4; lastKnownFileType = sourcecode.c.h; path = LocatableObjectView.h; sourceTree = "<group>"; };
		C4148C9D0F88012D00838088 /* LocatableObjectView.m */ = {isa = PBXFileReference; fileEncoding = 4; lastKnownFileType = sourcecode.c.objc; path = LocatableObjectView.m; sourceTree = "<group>"; };
		C4148D0A0F880A7800838088 /* FestivalDatabase.h */ = {isa = PBXFileReference; fileEncoding = 4; lastKnownFileType = sourcecode.c.h; path = FestivalDatabase.h; sourceTree = "<group>"; };
		C4148D0B0F880A7800838088 /* FestivalDatabase.m */ = {isa = PBXFileReference; fileEncoding = 4; lastKnownFileType = sourcecode.c.objc; path = FestivalDatabase.m; sourceTree = "<group>"; };
		C4148D0D0F880BBB00838088 /* LocatableModelObject.h */ = {isa = PBXFileReference; fileEncoding = 4; lastKnownFileType = sourcecode.c.h; path = LocatableModelObject.h; sourceTree = "<group>"; };
		C4148D0E0F880BBB00838088 /* LocatableModelObject.m */ = {isa = PBXFileReference; fileEncoding = 4; lastKnownFileType = sourcecode.c.objc; path = LocatableModelObject.m; sourceTree = "<group>"; };
		C4148D100F880C0200838088 /* Shape.h */ = {isa = PBXFileReference; fileEncoding = 4; lastKnownFileType = sourcecode.c.h; path = Shape.h; sourceTree = "<group>"; };
		C4148D110F880C0200838088 /* Shape.m */ = {isa = PBXFileReference; fileEncoding = 4; lastKnownFileType = sourcecode.c.objc; path = Shape.m; sourceTree = "<group>"; };
		C4148D950F881A1200838088 /* beer28.jpeg */ = {isa = PBXFileReference; lastKnownFileType = image.jpeg; path = beer28.jpeg; sourceTree = "<group>"; };
		C4148D960F881A1200838088 /* coffee.gif */ = {isa = PBXFileReference; lastKnownFileType = image.gif; path = coffee.gif; sourceTree = "<group>"; };
		C4148D970F881A1200838088 /* drinkingfountain.gif */ = {isa = PBXFileReference; lastKnownFileType = image.gif; path = drinkingfountain.gif; sourceTree = "<group>"; };
		C4148D980F881A1200838088 /* exit.gif */ = {isa = PBXFileReference; lastKnownFileType = image.gif; path = exit.gif; sourceTree = "<group>"; };
		C4148D990F881A1200838088 /* firstaid.gif */ = {isa = PBXFileReference; lastKnownFileType = image.gif; path = firstaid.gif; sourceTree = "<group>"; };
		C4148D9A0F881A1200838088 /* food.gif */ = {isa = PBXFileReference; lastKnownFileType = image.gif; path = food.gif; sourceTree = "<group>"; };
		C4148D9B0F881A1200838088 /* gifts.gif */ = {isa = PBXFileReference; lastKnownFileType = image.gif; path = gifts.gif; sourceTree = "<group>"; };
		C4148D9C0F881A1200838088 /* hops.png */ = {isa = PBXFileReference; lastKnownFileType = image.png; path = hops.png; sourceTree = "<group>"; };
		C4148D9D0F881A1200838088 /* info.gif */ = {isa = PBXFileReference; lastKnownFileType = image.gif; path = info.gif; sourceTree = "<group>"; };
		C4148D9E0F881A1200838088 /* lostandfound.gif */ = {isa = PBXFileReference; lastKnownFileType = image.gif; path = lostandfound.gif; sourceTree = "<group>"; };
		C4148D9F0F881A1200838088 /* mail.gif */ = {isa = PBXFileReference; lastKnownFileType = image.gif; path = mail.gif; sourceTree = "<group>"; };
		C4148DA00F881A1200838088 /* map.png */ = {isa = PBXFileReference; lastKnownFileType = image.png; path = map.png; sourceTree = "<group>"; };
		C4148DA10F881A1200838088 /* mensrr.gif */ = {isa = PBXFileReference; lastKnownFileType = image.gif; path = mensrr.gif; sourceTree = "<group>"; };
		C4148DA20F881A1200838088 /* parking.gif */ = {isa = PBXFileReference; lastKnownFileType = image.gif; path = parking.gif; sourceTree = "<group>"; };
		C4148DA30F881A1200838088 /* rail.gif */ = {isa = PBXFileReference; lastKnownFileType = image.gif; path = rail.gif; sourceTree = "<group>"; };
		C4148DA40F881A1200838088 /* restrooms.gif */ = {isa = PBXFileReference; lastKnownFileType = image.gif; path = restrooms.gif; sourceTree = "<group>"; };
		C4148DA50F881A1200838088 /* smoking.gif */ = {isa = PBXFileReference; lastKnownFileType = image.gif; path = smoking.gif; sourceTree = "<group>"; };
		C4148DA60F881A1200838088 /* telephone.gif */ = {isa = PBXFileReference; lastKnownFileType = image.gif; path = telephone.gif; sourceTree = "<group>"; };
		C4148DA70F881A1200838088 /* tokens.gif */ = {isa = PBXFileReference; lastKnownFileType = image.gif; path = tokens.gif; sourceTree = "<group>"; };
		C4148DA80F881A1200838088 /* transit.gif */ = {isa = PBXFileReference; lastKnownFileType = image.gif; path = transit.gif; sourceTree = "<group>"; };
		C4148DA90F881A1200838088 /* trash.gif */ = {isa = PBXFileReference; lastKnownFileType = image.gif; path = trash.gif; sourceTree = "<group>"; };
		C4148DAA0F881A1200838088 /* womensrr.gif */ = {isa = PBXFileReference; lastKnownFileType = image.gif; path = womensrr.gif; sourceTree = "<group>"; };
		C4148EBD0F88249600838088 /* MapLabelView.h */ = {isa = PBXFileReference; fileEncoding = 4; lastKnownFileType = sourcecode.c.h; path = MapLabelView.h; sourceTree = "<group>"; };
		C4148EBE0F88249600838088 /* MapLabelView.m */ = {isa = PBXFileReference; fileEncoding = 4; lastKnownFileType = sourcecode.c.objc; path = MapLabelView.m; sourceTree = "<group>"; };
		C4148EC00F8824DF00838088 /* MapLabelView.xib */ = {isa = PBXFileReference; lastKnownFileType = file.xib; path = MapLabelView.xib; sourceTree = "<group>"; };
		C414901D0F8868AD00838088 /* UIColor+Components.h */ = {isa = PBXFileReference; fileEncoding = 4; lastKnownFileType = sourcecode.c.h; path = "UIColor+Components.h"; sourceTree = "<group>"; };
		C414901E0F8868AD00838088 /* UIColor+Components.m */ = {isa = PBXFileReference; fileEncoding = 4; lastKnownFileType = sourcecode.c.objc; path = "UIColor+Components.m"; sourceTree = "<group>"; };
		C474B26D0FA396550086B49D /* QuartzCore.framework */ = {isa = PBXFileReference; lastKnownFileType = wrapper.framework; name = QuartzCore.framework; path = /System/Library/Frameworks/QuartzCore.framework; sourceTree = "<absolute>"; };
		C474B2F60FA41C050086B49D /* ngiutm.c */ = {isa = PBXFileReference; fileEncoding = 4; lastKnownFileType = sourcecode.c.c; path = ngiutm.c; sourceTree = "<group>"; };
		C474B2F70FA41C050086B49D /* ngiutm.h */ = {isa = PBXFileReference; fileEncoding = 4; lastKnownFileType = sourcecode.c.h; path = ngiutm.h; sourceTree = "<group>"; };
		C474B2F90FA41C050086B49D /* tranmerc.c */ = {isa = PBXFileReference; fileEncoding = 4; lastKnownFileType = sourcecode.c.c; path = tranmerc.c; sourceTree = "<group>"; };
		C474B2FA0FA41C050086B49D /* tranmerc.h */ = {isa = PBXFileReference; fileEncoding = 4; lastKnownFileType = sourcecode.c.h; path = tranmerc.h; sourceTree = "<group>"; };
		C474B2FC0FA41C050086B49D /* utm.c */ = {isa = PBXFileReference; fileEncoding = 4; lastKnownFileType = sourcecode.c.c; path = utm.c; sourceTree = "<group>"; };
		C474B2FD0FA41C050086B49D /* utm.h */ = {isa = PBXFileReference; fileEncoding = 4; lastKnownFileType = sourcecode.c.h; path = utm.h; sourceTree = "<group>"; };
		C474B3780FA42F2A0086B49D /* MinMax.h */ = {isa = PBXFileReference; fileEncoding = 4; lastKnownFileType = sourcecode.c.h; path = MinMax.h; sourceTree = "<group>"; };
		C4C024EA0F925CE9007E5B3B /* MapControllerAdditions.m */ = {isa = PBXFileReference; fileEncoding = 4; lastKnownFileType = sourcecode.c.objc; path = MapControllerAdditions.m; sourceTree = "<group>"; };
/* End PBXFileReference section */

/* Begin PBXFrameworksBuildPhase section */
		1D60588F0D05DD3D006BFB54 /* Frameworks */ = {
			isa = PBXFrameworksBuildPhase;
			buildActionMask = 2147483647;
			files = (
				1D60589F0D05DD5A006BFB54 /* Foundation.framework in Frameworks */,
				1DF5F4E00D08C38300B7A737 /* UIKit.framework in Frameworks */,
				2892E4100DC94CBA00A64D0F /* CoreGraphics.framework in Frameworks */,
				C474B26E0FA396550086B49D /* QuartzCore.framework in Frameworks */,
			);
			runOnlyForDeploymentPostprocessing = 0;
		};
/* End PBXFrameworksBuildPhase section */

/* Begin PBXGroup section */
		080E96DDFE201D6D7F000001 /* Classes */ = {
			isa = PBXGroup;
			children = (
				C4148D0A0F880A7800838088 /* FestivalDatabase.h */,
				C4148D0B0F880A7800838088 /* FestivalDatabase.m */,
				C4148D0D0F880BBB00838088 /* LocatableModelObject.h */,
				C4148D0E0F880BBB00838088 /* LocatableModelObject.m */,
				28C286DF0D94DF7D0034E888 /* RootViewController.h */,
				28C286E00D94DF7D0034E888 /* RootViewController.m */,
				1D3623240D0F684500981E51 /* JK_Beer_Proto_1AppDelegate.h */,
				1D3623250D0F684500981E51 /* JK_Beer_Proto_1AppDelegate.m */,
				C4148B110F7FFC7400838088 /* ListController.h */,
				C4148B120F7FFC7400838088 /* ListController.m */,
				C4148B510F80081A00838088 /* BeerController.h */,
				C4148B520F80081A00838088 /* BeerController.m */,
				C4A168870F91E756002C37D7 /* Map */,
				C414901D0F8868AD00838088 /* UIColor+Components.h */,
				C414901E0F8868AD00838088 /* UIColor+Components.m */,
			);
			path = Classes;
			sourceTree = "<group>";
		};
		19C28FACFE9D520D11CA2CBB /* Products */ = {
			isa = PBXGroup;
			children = (
				1D6058910D05DD3D006BFB54 /* JK-Beer-Proto-1.app */,
			);
			name = Products;
			sourceTree = "<group>";
		};
		29B97314FDCFA39411CA2CEA /* CustomTemplate */ = {
			isa = PBXGroup;
			children = (
				080E96DDFE201D6D7F000001 /* Classes */,
				29B97315FDCFA39411CA2CEA /* Other Sources */,
				29B97317FDCFA39411CA2CEA /* Resources */,
				29B97323FDCFA39411CA2CEA /* Frameworks */,
				19C28FACFE9D520D11CA2CBB /* Products */,
			);
			name = CustomTemplate;
			sourceTree = "<group>";
		};
		29B97315FDCFA39411CA2CEA /* Other Sources */ = {
			isa = PBXGroup;
			children = (
				28A0AAE50D9B0CCF005BE974 /* JK_Beer_Proto_1_Prefix.pch */,
				29B97316FDCFA39411CA2CEA /* main.m */,
			);
			name = "Other Sources";
			sourceTree = "<group>";
		};
		29B97317FDCFA39411CA2CEA /* Resources */ = {
			isa = PBXGroup;
			children = (
				2899E55F0DE3E45000AC0155 /* RootViewController.xib */,
				28AD735F0D9D9599002E5188 /* MainWindow.xib */,
				C4148B140F7FFCFF00838088 /* ListController.xib */,
				C4148B2E0F80006A00838088 /* MapController.xib */,
				C4148B780F8009C200838088 /* BeerController.xib */,
				C4148EC00F8824DF00838088 /* MapLabelView.xib */,
				8D1107310486CEB800E47090 /* Info.plist */,
				C4148D940F881A1200838088 /* imgs */,
			);
			name = Resources;
			sourceTree = "<group>";
		};
		29B97323FDCFA39411CA2CEA /* Frameworks */ = {
			isa = PBXGroup;
			children = (
				C474B26D0FA396550086B49D /* QuartzCore.framework */,
				1DF5F4DF0D08C38300B7A737 /* UIKit.framework */,
				1D30AB110D05D00D00671497 /* Foundation.framework */,
				2892E40F0DC94CBA00A64D0F /* CoreGraphics.framework */,
			);
			name = Frameworks;
			sourceTree = "<group>";
		};
		C4148D940F881A1200838088 /* imgs */ = {
			isa = PBXGroup;
			children = (
				C4148D950F881A1200838088 /* beer28.jpeg */,
				C4148D960F881A1200838088 /* coffee.gif */,
				C4148D970F881A1200838088 /* drinkingfountain.gif */,
				C4148D980F881A1200838088 /* exit.gif */,
				C4148D990F881A1200838088 /* firstaid.gif */,
				C4148D9A0F881A1200838088 /* food.gif */,
				C4148D9B0F881A1200838088 /* gifts.gif */,
				C4148D9C0F881A1200838088 /* hops.png */,
				C4148D9D0F881A1200838088 /* info.gif */,
				C4148D9E0F881A1200838088 /* lostandfound.gif */,
				C4148D9F0F881A1200838088 /* mail.gif */,
				C4148DA00F881A1200838088 /* map.png */,
				C4148DA10F881A1200838088 /* mensrr.gif */,
				C4148DA20F881A1200838088 /* parking.gif */,
				C4148DA30F881A1200838088 /* rail.gif */,
				C4148DA40F881A1200838088 /* restrooms.gif */,
				C4148DA50F881A1200838088 /* smoking.gif */,
				C4148DA60F881A1200838088 /* telephone.gif */,
				C4148DA70F881A1200838088 /* tokens.gif */,
				C4148DA80F881A1200838088 /* transit.gif */,
				C4148DA90F881A1200838088 /* trash.gif */,
				C4148DAA0F881A1200838088 /* womensrr.gif */,
			);
			path = imgs;
			sourceTree = "<group>";
		};
		C474B2F50FA41C050086B49D /* UTM */ = {
			isa = PBXGroup;
			children = (
				C474B2F60FA41C050086B49D /* ngiutm.c */,
				C474B2F70FA41C050086B49D /* ngiutm.h */,
				C474B2F80FA41C050086B49D /* tranmerc */,
				C474B2FB0FA41C050086B49D /* utm */,
			);
			name = UTM;
			path = utm;
			sourceTree = SOURCE_ROOT;
		};
		C474B2F80FA41C050086B49D /* tranmerc */ = {
			isa = PBXGroup;
			children = (
				C474B2F90FA41C050086B49D /* tranmerc.c */,
				C474B2FA0FA41C050086B49D /* tranmerc.h */,
			);
			path = tranmerc;
			sourceTree = "<group>";
		};
		C474B2FB0FA41C050086B49D /* utm */ = {
			isa = PBXGroup;
			children = (
				C474B2FC0FA41C050086B49D /* utm.c */,
				C474B2FD0FA41C050086B49D /* utm.h */,
			);
			path = utm;
			sourceTree = "<group>";
		};
		C4A168870F91E756002C37D7 /* Map */ = {
			isa = PBXGroup;
			children = (
				C4148B2B0F80000400838088 /* MapController.h */,
				C4148B2C0F80000400838088 /* MapController.m */,
				C4C024EA0F925CE9007E5B3B /* MapControllerAdditions.m */,
				C4148C3C0F85858700838088 /* MapView.h */,
				C4148C3D0F85858700838088 /* MapView.m */,
				C4148EBD0F88249600838088 /* MapLabelView.h */,
				C4148EBE0F88249600838088 /* MapLabelView.m */,
				C4148D100F880C0200838088 /* Shape.h */,
				C4148D110F880C0200838088 /* Shape.m */,
				C4148C9C0F88012D00838088 /* LocatableObjectView.h */,
				C4148C9D0F88012D00838088 /* LocatableObjectView.m */,
				C474B3780FA42F2A0086B49D /* MinMax.h */,
				C411A0FC0FA554D400A357AA /* ExpandingCircle.h */,
				C411A0FD0FA554D400A357AA /* ExpandingCircle.m */,
				C474B2F50FA41C050086B49D /* UTM */,
			);
			name = Map;
			sourceTree = "<group>";
		};
/* End PBXGroup section */

/* Begin PBXNativeTarget section */
		1D6058900D05DD3D006BFB54 /* JK-Beer-Proto-1 */ = {
			isa = PBXNativeTarget;
			buildConfigurationList = 1D6058960D05DD3E006BFB54 /* Build configuration list for PBXNativeTarget "JK-Beer-Proto-1" */;
			buildPhases = (
				1D60588D0D05DD3D006BFB54 /* Resources */,
				1D60588E0D05DD3D006BFB54 /* Sources */,
				1D60588F0D05DD3D006BFB54 /* Frameworks */,
			);
			buildRules = (
			);
			dependencies = (
			);
			name = "JK-Beer-Proto-1";
			productName = "JK-Beer-Proto-1";
			productReference = 1D6058910D05DD3D006BFB54 /* JK-Beer-Proto-1.app */;
			productType = "com.apple.product-type.application";
		};
/* End PBXNativeTarget section */

/* Begin PBXProject section */
		29B97313FDCFA39411CA2CEA /* Project object */ = {
			isa = PBXProject;
			buildConfigurationList = C01FCF4E08A954540054247B /* Build configuration list for PBXProject "JK-Beer-Proto-1" */;
			compatibilityVersion = "Xcode 3.1";
			hasScannedForEncodings = 1;
			knownRegions = (
				English,
				Japanese,
				French,
				German,
				en,
			);
			mainGroup = 29B97314FDCFA39411CA2CEA /* CustomTemplate */;
			projectDirPath = "";
			projectRoot = "";
			targets = (
				1D6058900D05DD3D006BFB54 /* JK-Beer-Proto-1 */,
			);
		};
/* End PBXProject section */

/* Begin PBXResourcesBuildPhase section */
		1D60588D0D05DD3D006BFB54 /* Resources */ = {
			isa = PBXResourcesBuildPhase;
			buildActionMask = 2147483647;
			files = (
				28AD73600D9D9599002E5188 /* MainWindow.xib in Resources */,
				2899E5600DE3E45000AC0155 /* RootViewController.xib in Resources */,
				C4148B150F7FFCFF00838088 /* ListController.xib in Resources */,
				C4148B2F0F80006A00838088 /* MapController.xib in Resources */,
				C4148B790F8009C200838088 /* BeerController.xib in Resources */,
				C4148DAB0F881A1200838088 /* beer28.jpeg in Resources */,
				C4148DAC0F881A1200838088 /* coffee.gif in Resources */,
				C4148DAD0F881A1200838088 /* drinkingfountain.gif in Resources */,
				C4148DAE0F881A1200838088 /* exit.gif in Resources */,
				C4148DAF0F881A1200838088 /* firstaid.gif in Resources */,
				C4148DB00F881A1200838088 /* food.gif in Resources */,
				C4148DB10F881A1200838088 /* gifts.gif in Resources */,
				C4148DB20F881A1200838088 /* hops.png in Resources */,
				C4148DB30F881A1200838088 /* info.gif in Resources */,
				C4148DB40F881A1200838088 /* lostandfound.gif in Resources */,
				C4148DB50F881A1200838088 /* mail.gif in Resources */,
				C4148DB60F881A1200838088 /* map.png in Resources */,
				C4148DB70F881A1200838088 /* mensrr.gif in Resources */,
				C4148DB80F881A1200838088 /* parking.gif in Resources */,
				C4148DB90F881A1200838088 /* rail.gif in Resources */,
				C4148DBA0F881A1200838088 /* restrooms.gif in Resources */,
				C4148DBB0F881A1200838088 /* smoking.gif in Resources */,
				C4148DBC0F881A1200838088 /* telephone.gif in Resources */,
				C4148DBD0F881A1200838088 /* tokens.gif in Resources */,
				C4148DBE0F881A1200838088 /* transit.gif in Resources */,
				C4148DBF0F881A1200838088 /* trash.gif in Resources */,
				C4148DC00F881A1200838088 /* womensrr.gif in Resources */,
				C4148EC10F8824DF00838088 /* MapLabelView.xib in Resources */,
			);
			runOnlyForDeploymentPostprocessing = 0;
		};
/* End PBXResourcesBuildPhase section */

/* Begin PBXSourcesBuildPhase section */
		1D60588E0D05DD3D006BFB54 /* Sources */ = {
			isa = PBXSourcesBuildPhase;
			buildActionMask = 2147483647;
			files = (
				1D60589B0D05DD56006BFB54 /* main.m in Sources */,
				1D3623260D0F684500981E51 /* JK_Beer_Proto_1AppDelegate.m in Sources */,
				28C286E10D94DF7D0034E888 /* RootViewController.m in Sources */,
				C4148B130F7FFC7400838088 /* ListController.m in Sources */,
				C4148B2D0F80000400838088 /* MapController.m in Sources */,
				C4148B530F80081A00838088 /* BeerController.m in Sources */,
				C4148C3E0F85858700838088 /* MapView.m in Sources */,
				C4148C9E0F88012D00838088 /* LocatableObjectView.m in Sources */,
				C4148D0C0F880A7800838088 /* FestivalDatabase.m in Sources */,
				C4148D0F0F880BBB00838088 /* LocatableModelObject.m in Sources */,
				C4148D120F880C0200838088 /* Shape.m in Sources */,
				C4148EBF0F88249600838088 /* MapLabelView.m in Sources */,
				C414901F0F8868AD00838088 /* UIColor+Components.m in Sources */,
				C4C024EB0F925CE9007E5B3B /* MapControllerAdditions.m in Sources */,
				C474B2FE0FA41C050086B49D /* ngiutm.c in Sources */,
				C474B2FF0FA41C050086B49D /* tranmerc.c in Sources */,
				C474B3000FA41C050086B49D /* utm.c in Sources */,
				C411A0FE0FA554D400A357AA /* ExpandingCircle.m in Sources */,
			);
			runOnlyForDeploymentPostprocessing = 0;
		};
/* End PBXSourcesBuildPhase section */

/* Begin XCBuildConfiguration section */
		1D6058940D05DD3E006BFB54 /* Debug */ = {
			isa = XCBuildConfiguration;
			buildSettings = {
				ALWAYS_SEARCH_USER_PATHS = NO;
				COPY_PHASE_STRIP = NO;
				GCC_DYNAMIC_NO_PIC = NO;
				GCC_OPTIMIZATION_LEVEL = 0;
				GCC_PRECOMPILE_PREFIX_HEADER = YES;
				GCC_PREFIX_HEADER = JK_Beer_Proto_1_Prefix.pch;
				INFOPLIST_FILE = Info.plist;
				PRODUCT_NAME = "JK-Beer-Proto-1";
			};
			name = Debug;
		};
		1D6058950D05DD3E006BFB54 /* Release */ = {
			isa = XCBuildConfiguration;
			buildSettings = {
				ALWAYS_SEARCH_USER_PATHS = NO;
				COPY_PHASE_STRIP = YES;
				GCC_PRECOMPILE_PREFIX_HEADER = YES;
				GCC_PREFIX_HEADER = JK_Beer_Proto_1_Prefix.pch;
				INFOPLIST_FILE = Info.plist;
				PRODUCT_NAME = "JK-Beer-Proto-1";
			};
			name = Release;
		};
		C01FCF4F08A954540054247B /* Debug */ = {
			isa = XCBuildConfiguration;
			buildSettings = {
				ARCHS = "$(ARCHS_STANDARD_32_BIT)";
				"CODE_SIGN_IDENTITY[sdk=iphoneos*]" = "iPhone Developer";
				GCC_C_LANGUAGE_STANDARD = c99;
				GCC_WARN_ABOUT_RETURN_TYPE = YES;
				GCC_WARN_UNUSED_VARIABLE = YES;
				ONLY_ACTIVE_ARCH = YES;
				PREBINDING = NO;
				SDKROOT = iphoneos2.2.1;
			};
			name = Debug;
		};
		C01FCF5008A954540054247B /* Release */ = {
			isa = XCBuildConfiguration;
			buildSettings = {
				ARCHS = "$(ARCHS_STANDARD_32_BIT)";
				"CODE_SIGN_IDENTITY[sdk=iphoneos*]" = "iPhone Developer";
				GCC_C_LANGUAGE_STANDARD = c99;
				GCC_WARN_ABOUT_RETURN_TYPE = YES;
				GCC_WARN_UNUSED_VARIABLE = YES;
				PREBINDING = NO;
				SDKROOT = iphoneos2.2.1;
			};
			name = Release;
		};
/* End XCBuildConfiguration section */

/* Begin XCConfigurationList section */
		1D6058960D05DD3E006BFB54 /* Build configuration list for PBXNativeTarget "JK-Beer-Proto-1" */ = {
			isa = XCConfigurationList;
			buildConfigurations = (
				1D6058940D05DD3E006BFB54 /* Debug */,
				1D6058950D05DD3E006BFB54 /* Release */,
			);
			defaultConfigurationIsVisible = 0;
			defaultConfigurationName = Release;
		};
		C01FCF4E08A954540054247B /* Build configuration list for PBXProject "JK-Beer-Proto-1" */ = {
			isa = XCConfigurationList;
			buildConfigurations = (
				C01FCF4F08A954540054247B /* Debug */,
				C01FCF5008A954540054247B /* Release */,
			);
			defaultConfigurationIsVisible = 0;
			defaultConfigurationName = Release;
		};
/* End XCConfigurationList section */
	};
	rootObject = 29B97313FDCFA39411CA2CEA /* Project object */;
}
